
Microsoft Visual Studio Solution File, Format Version 12.00
# Visual Studio Version 17
VisualStudioVersion = 17.14.36511.14 d17.14
MinimumVisualStudioVersion = 10.0.40219.1
Project("{FAE04EC0-301F-11D3-BF4B-00C04F79EFBC}") = "Caso1_Gestión de Libros", "Caso1_Gestión de Libros.csproj", "{0B751A98-9871-4584-83F3-21C8B1F9ED19}"
EndProject
Global
	GlobalSection(SolutionConfigurationPlatforms) = preSolution
		Debug|Any CPU = Debug|Any CPU
		Release|Any CPU = Release|Any CPU
	EndGlobalSection
	GlobalSection(ProjectConfigurationPlatforms) = postSolution
		{0B751A98-9871-4584-83F3-21C8B1F9ED19}.Debug|Any CPU.ActiveCfg = Debug|Any CPU
		{0B751A98-9871-4584-83F3-21C8B1F9ED19}.Debug|Any CPU.Build.0 = Debug|Any CPU
		{0B751A98-9871-4584-83F3-21C8B1F9ED19}.Release|Any CPU.ActiveCfg = Release|Any CPU
		{0B751A98-9871-4584-83F3-21C8B1F9ED19}.Release|Any CPU.Build.0 = Release|Any CPU
	EndGlobalSection
	GlobalSection(SolutionProperties) = preSolution
		HideSolutionNode = FALSE
	EndGlobalSection
	GlobalSection(ExtensibilityGlobals) = postSolution
		SolutionGuid = {910EE02B-2810-4EEA-8934-31A57CF575D7}
	EndGlobalSection
EndGlobal
